
Microsoft Visual Studio Solution File, Format Version 12.00
# Visual Studio Version 16
VisualStudioVersion = 16.0.30114.128
MinimumVisualStudioVersion = 10.0.40219.1
Project("{FAE04EC0-301F-11D3-BF4B-00C04F79EFBC}") = "VerticalToDo", "VerticalToDo\VerticalToDo.csproj", "{22AD1AE7-1F1A-4EF8-9FD5-C0AA4676CCD6}"
EndProject
Project("{FAE04EC0-301F-11D3-BF4B-00C04F79EFBC}") = "VerticalToDo.Core", "VerticalToDo.Core\VerticalToDo.Core.csproj", "{D0F97FCB-2BCC-4829-AB22-033527642F8B}"
EndProject
Project("{FAE04EC0-301F-11D3-BF4B-00C04F79EFBC}") = "VerticalToDo.Infrastructure", "VerticalToDo.Infrastructure\VerticalToDo.Infrastructure.csproj", "{DFD0B941-97DA-43E5-B8C5-7838F7BBE00A}"
EndProject
Project("{FAE04EC0-301F-11D3-BF4B-00C04F79EFBC}") = "VerticalToDo.Services", "VerticalToDo.Services\VerticalToDo.Services.csproj", "{16B89A92-2FF0-41AE-9C68-0911018474F3}"
EndProject
Project("{FAE04EC0-301F-11D3-BF4B-00C04F79EFBC}") = "VerticalToDo.Abstractions", "VerticalToDo.Abstractions\VerticalToDo.Abstractions.csproj", "{69F1F9D9-4189-486A-8408-8226D57786E9}"
EndProject
Global
	GlobalSection(SolutionConfigurationPlatforms) = preSolution
		Debug|Any CPU = Debug|Any CPU
		Release|Any CPU = Release|Any CPU
	EndGlobalSection
	GlobalSection(ProjectConfigurationPlatforms) = postSolution
		{22AD1AE7-1F1A-4EF8-9FD5-C0AA4676CCD6}.Debug|Any CPU.ActiveCfg = Debug|Any CPU
		{22AD1AE7-1F1A-4EF8-9FD5-C0AA4676CCD6}.Debug|Any CPU.Build.0 = Debug|Any CPU
		{22AD1AE7-1F1A-4EF8-9FD5-C0AA4676CCD6}.Release|Any CPU.ActiveCfg = Release|Any CPU
		{22AD1AE7-1F1A-4EF8-9FD5-C0AA4676CCD6}.Release|Any CPU.Build.0 = Release|Any CPU
		{D0F97FCB-2BCC-4829-AB22-033527642F8B}.Debug|Any CPU.ActiveCfg = Debug|Any CPU
		{D0F97FCB-2BCC-4829-AB22-033527642F8B}.Debug|Any CPU.Build.0 = Debug|Any CPU
		{D0F97FCB-2BCC-4829-AB22-033527642F8B}.Release|Any CPU.ActiveCfg = Release|Any CPU
		{D0F97FCB-2BCC-4829-AB22-033527642F8B}.Release|Any CPU.Build.0 = Release|Any CPU
		{DFD0B941-97DA-43E5-B8C5-7838F7BBE00A}.Debug|Any CPU.ActiveCfg = Debug|Any CPU
		{DFD0B941-97DA-43E5-B8C5-7838F7BBE00A}.Debug|Any CPU.Build.0 = Debug|Any CPU
		{DFD0B941-97DA-43E5-B8C5-7838F7BBE00A}.Release|Any CPU.ActiveCfg = Release|Any CPU
		{DFD0B941-97DA-43E5-B8C5-7838F7BBE00A}.Release|Any CPU.Build.0 = Release|Any CPU
		{16B89A92-2FF0-41AE-9C68-0911018474F3}.Debug|Any CPU.ActiveCfg = Debug|Any CPU
		{16B89A92-2FF0-41AE-9C68-0911018474F3}.Debug|Any CPU.Build.0 = Debug|Any CPU
		{16B89A92-2FF0-41AE-9C68-0911018474F3}.Release|Any CPU.ActiveCfg = Release|Any CPU
		{16B89A92-2FF0-41AE-9C68-0911018474F3}.Release|Any CPU.Build.0 = Release|Any CPU
		{69F1F9D9-4189-486A-8408-8226D57786E9}.Debug|Any CPU.ActiveCfg = Debug|Any CPU
		{69F1F9D9-4189-486A-8408-8226D57786E9}.Debug|Any CPU.Build.0 = Debug|Any CPU
		{69F1F9D9-4189-486A-8408-8226D57786E9}.Release|Any CPU.ActiveCfg = Release|Any CPU
		{69F1F9D9-4189-486A-8408-8226D57786E9}.Release|Any CPU.Build.0 = Release|Any CPU
	EndGlobalSection
	GlobalSection(SolutionProperties) = preSolution
		HideSolutionNode = FALSE
	EndGlobalSection
	GlobalSection(ExtensibilityGlobals) = postSolution
		SolutionGuid = {18630705-37DF-4783-9FAC-7CBD88F279DA}
	EndGlobalSection
EndGlobal
